
Microsoft Visual Studio Solution File, Format Version 12.00
# Visual Studio 14
VisualStudioVersion = 14.0.25420.1
MinimumVisualStudioVersion = 10.0.40219.1
Project("{FAE04EC0-301F-11D3-BF4B-00C04F79EFBC}") = "AnnotationExtractor", "AnnotationExtractor\AnnotationExtractor.csproj", "{57850C06-59EF-4BB6-A1F0-C5371E7F5D1C}"
EndProject
Project("{FAE04EC0-301F-11D3-BF4B-00C04F79EFBC}") = "HeatMapViewer", "HeatMapViewer\HeatMapViewer.csproj", "{828885D6-8CA0-4D6B-B421-BDC2DD6A06F7}"
EndProject
Project("{FAE04EC0-301F-11D3-BF4B-00C04F79EFBC}") = "TileProcessor", "TileProcessor\TileProcessor.csproj", "{318580D6-9468-410A-A652-E7518E1D86EE}"
EndProject
Project("{FAE04EC0-301F-11D3-BF4B-00C04F79EFBC}") = "TissueDetection", "TissueDetection\TissueDetection.csproj", "{C9ACB993-28BB-4F6B-97C4-BC633662FD94}"
EndProject
Project("{FAE04EC0-301F-11D3-BF4B-00C04F79EFBC}") = "ClassificationDataGenerator", "ClassificationDataGenerator\ClassificationDataGenerator.csproj", "{3C5D3F02-43AB-465F-8D19-3F3A679B5516}"
EndProject
Project("{FAE04EC0-301F-11D3-BF4B-00C04F79EFBC}") = "Segmentation", "Segmentation\Segmentation.csproj", "{56A82354-C8DD-493F-80B3-20742D92906D}"
EndProject
Project("{FAE04EC0-301F-11D3-BF4B-00C04F79EFBC}") = "WekaPicNetPlugin", "WekaPicNetPlugin\WekaPicNetPlugin.csproj", "{759BD189-C433-46C0-88D3-B5DD4973AC21}"
EndProject
Project("{FAE04EC0-301F-11D3-BF4B-00C04F79EFBC}") = "ClassificationDetection", "ClassificationDetection\ClassificationDetection.csproj", "{A7C50143-F127-4658-B3BE-21DD99ECA139}"
EndProject
Global
	GlobalSection(SolutionConfigurationPlatforms) = preSolution
		Debug|Any CPU = Debug|Any CPU
		Release|Any CPU = Release|Any CPU
	EndGlobalSection
	GlobalSection(ProjectConfigurationPlatforms) = postSolution
		{57850C06-59EF-4BB6-A1F0-C5371E7F5D1C}.Debug|Any CPU.ActiveCfg = Debug|Any CPU
		{57850C06-59EF-4BB6-A1F0-C5371E7F5D1C}.Debug|Any CPU.Build.0 = Debug|Any CPU
		{57850C06-59EF-4BB6-A1F0-C5371E7F5D1C}.Release|Any CPU.ActiveCfg = Release|Any CPU
		{57850C06-59EF-4BB6-A1F0-C5371E7F5D1C}.Release|Any CPU.Build.0 = Release|Any CPU
		{828885D6-8CA0-4D6B-B421-BDC2DD6A06F7}.Debug|Any CPU.ActiveCfg = Debug|Any CPU
		{828885D6-8CA0-4D6B-B421-BDC2DD6A06F7}.Debug|Any CPU.Build.0 = Debug|Any CPU
		{828885D6-8CA0-4D6B-B421-BDC2DD6A06F7}.Release|Any CPU.ActiveCfg = Release|Any CPU
		{828885D6-8CA0-4D6B-B421-BDC2DD6A06F7}.Release|Any CPU.Build.0 = Release|Any CPU
		{318580D6-9468-410A-A652-E7518E1D86EE}.Debug|Any CPU.ActiveCfg = Debug|Any CPU
		{318580D6-9468-410A-A652-E7518E1D86EE}.Debug|Any CPU.Build.0 = Debug|Any CPU
		{318580D6-9468-410A-A652-E7518E1D86EE}.Release|Any CPU.ActiveCfg = Release|Any CPU
		{318580D6-9468-410A-A652-E7518E1D86EE}.Release|Any CPU.Build.0 = Release|Any CPU
		{C9ACB993-28BB-4F6B-97C4-BC633662FD94}.Debug|Any CPU.ActiveCfg = Debug|Any CPU
		{C9ACB993-28BB-4F6B-97C4-BC633662FD94}.Debug|Any CPU.Build.0 = Debug|Any CPU
		{C9ACB993-28BB-4F6B-97C4-BC633662FD94}.Release|Any CPU.ActiveCfg = Release|Any CPU
		{C9ACB993-28BB-4F6B-97C4-BC633662FD94}.Release|Any CPU.Build.0 = Release|Any CPU
		{3C5D3F02-43AB-465F-8D19-3F3A679B5516}.Debug|Any CPU.ActiveCfg = Debug|Any CPU
		{3C5D3F02-43AB-465F-8D19-3F3A679B5516}.Debug|Any CPU.Build.0 = Debug|Any CPU
		{3C5D3F02-43AB-465F-8D19-3F3A679B5516}.Release|Any CPU.ActiveCfg = Release|Any CPU
		{3C5D3F02-43AB-465F-8D19-3F3A679B5516}.Release|Any CPU.Build.0 = Release|Any CPU
		{56A82354-C8DD-493F-80B3-20742D92906D}.Debug|Any CPU.ActiveCfg = Debug|Any CPU
		{56A82354-C8DD-493F-80B3-20742D92906D}.Debug|Any CPU.Build.0 = Debug|Any CPU
		{56A82354-C8DD-493F-80B3-20742D92906D}.Release|Any CPU.ActiveCfg = Release|Any CPU
		{56A82354-C8DD-493F-80B3-20742D92906D}.Release|Any CPU.Build.0 = Release|Any CPU
		{759BD189-C433-46C0-88D3-B5DD4973AC21}.Debug|Any CPU.ActiveCfg = Debug|Any CPU
		{759BD189-C433-46C0-88D3-B5DD4973AC21}.Debug|Any CPU.Build.0 = Debug|Any CPU
		{759BD189-C433-46C0-88D3-B5DD4973AC21}.Release|Any CPU.ActiveCfg = Release|Any CPU
		{759BD189-C433-46C0-88D3-B5DD4973AC21}.Release|Any CPU.Build.0 = Release|Any CPU
		{A7C50143-F127-4658-B3BE-21DD99ECA139}.Debug|Any CPU.ActiveCfg = Debug|Any CPU
		{A7C50143-F127-4658-B3BE-21DD99ECA139}.Debug|Any CPU.Build.0 = Debug|Any CPU
		{A7C50143-F127-4658-B3BE-21DD99ECA139}.Release|Any CPU.ActiveCfg = Release|Any CPU
		{A7C50143-F127-4658-B3BE-21DD99ECA139}.Release|Any CPU.Build.0 = Release|Any CPU
	EndGlobalSection
	GlobalSection(SolutionProperties) = preSolution
		HideSolutionNode = FALSE
	EndGlobalSection
EndGlobal
